// !$*UTF8*$!
{
	archiveVersion = 1;
	classes = {
	};
	objectVersion = 50;
	objects = {

/* Begin PBXBuildFile section */
		610585FD2460B63700F56611 /* NoteViewModel.swift in Sources */ = {isa = PBXBuildFile; fileRef = 610585FC2460B63700F56611 /* NoteViewModel.swift */; };
		6149ED0F245978CD00A1375A /* AppDelegate.swift in Sources */ = {isa = PBXBuildFile; fileRef = 6149ED0E245978CD00A1375A /* AppDelegate.swift */; };
		6149ED15245978D700A1375A /* Assets.xcassets in Resources */ = {isa = PBXBuildFile; fileRef = 6149ED14245978D700A1375A /* Assets.xcassets */; };
		6149ED1B245978D700A1375A /* LaunchScreen.storyboard in Resources */ = {isa = PBXBuildFile; fileRef = 6149ED19245978D700A1375A /* LaunchScreen.storyboard */; };
		6149ED23245A1DCE00A1375A /* ViewController.swift in Sources */ = {isa = PBXBuildFile; fileRef = 6149ED22245A1DCE00A1375A /* ViewController.swift */; };
		6149ED28245B69E500A1375A /* StaffView.swift in Sources */ = {isa = PBXBuildFile; fileRef = 6149ED27245B69E500A1375A /* StaffView.swift */; };
		617F7EC7245E05F900EE08AA /* Note.swift in Sources */ = {isa = PBXBuildFile; fileRef = 6149ED24245A24D600A1375A /* Note.swift */; };
		619E3E5424686F52003ECD16 /* UIImage+Extension.swift in Sources */ = {isa = PBXBuildFile; fileRef = 619E3E5324686F52003ECD16 /* UIImage+Extension.swift */; };
		61A4B503248843FF004A286E /* MusicTaskSelectNote.swift in Sources */ = {isa = PBXBuildFile; fileRef = 61A4B502248843FF004A286E /* MusicTaskSelectNote.swift */; };
		61A4B5052488477F004A286E /* MusicTaskShowNoteOnThePiano.swift in Sources */ = {isa = PBXBuildFile; fileRef = 61A4B5042488477F004A286E /* MusicTaskShowNoteOnThePiano.swift */; };
		61A818BD247477E2009DCE07 /* MusicTask.swift in Sources */ = {isa = PBXBuildFile; fileRef = 61A818BC247477E2009DCE07 /* MusicTask.swift */; };
		61A818BF2474858D009DCE07 /* MusicTasks.swift in Sources */ = {isa = PBXBuildFile; fileRef = 61A818BE2474858D009DCE07 /* MusicTasks.swift */; };
		61A818C1247AB591009DCE07 /* String+Extension.swift in Sources */ = {isa = PBXBuildFile; fileRef = 61A818C0247AB591009DCE07 /* String+Extension.swift */; };
		61CDA927247C66E800780D04 /* PianoView.swift in Sources */ = {isa = PBXBuildFile; fileRef = 61CDA926247C66E800780D04 /* PianoView.swift */; };
/* End PBXBuildFile section */

/* Begin PBXFileReference section */
		610585FC2460B63700F56611 /* NoteViewModel.swift */ = {isa = PBXFileReference; lastKnownFileType = sourcecode.swift; path = NoteViewModel.swift; sourceTree = "<group>"; };
		6149ED0B245978CD00A1375A /* MusicTheoryApp.app */ = {isa = PBXFileReference; explicitFileType = wrapper.application; includeInIndex = 0; path = MusicTheoryApp.app; sourceTree = BUILT_PRODUCTS_DIR; };
		6149ED0E245978CD00A1375A /* AppDelegate.swift */ = {isa = PBXFileReference; lastKnownFileType = sourcecode.swift; path = AppDelegate.swift; sourceTree = "<group>"; };
		6149ED14245978D700A1375A /* Assets.xcassets */ = {isa = PBXFileReference; lastKnownFileType = folder.assetcatalog; path = Assets.xcassets; sourceTree = "<group>"; };
		6149ED1A245978D700A1375A /* Base */ = {isa = PBXFileReference; lastKnownFileType = file.storyboard; name = Base; path = Base.lproj/LaunchScreen.storyboard; sourceTree = "<group>"; };
		6149ED1C245978D700A1375A /* Info.plist */ = {isa = PBXFileReference; lastKnownFileType = text.plist.xml; path = Info.plist; sourceTree = "<group>"; };
		6149ED22245A1DCE00A1375A /* ViewController.swift */ = {isa = PBXFileReference; lastKnownFileType = sourcecode.swift; path = ViewController.swift; sourceTree = "<group>"; };
		6149ED24245A24D600A1375A /* Note.swift */ = {isa = PBXFileReference; lastKnownFileType = sourcecode.swift; path = Note.swift; sourceTree = "<group>"; };
		6149ED27245B69E500A1375A /* StaffView.swift */ = {isa = PBXFileReference; lastKnownFileType = sourcecode.swift; path = StaffView.swift; sourceTree = "<group>"; };
		619E3E5324686F52003ECD16 /* UIImage+Extension.swift */ = {isa = PBXFileReference; lastKnownFileType = sourcecode.swift; path = "UIImage+Extension.swift"; sourceTree = "<group>"; };
		61A4B502248843FF004A286E /* MusicTaskSelectNote.swift */ = {isa = PBXFileReference; lastKnownFileType = sourcecode.swift; path = MusicTaskSelectNote.swift; sourceTree = "<group>"; };
		61A4B5042488477F004A286E /* MusicTaskShowNoteOnThePiano.swift */ = {isa = PBXFileReference; lastKnownFileType = sourcecode.swift; path = MusicTaskShowNoteOnThePiano.swift; sourceTree = "<group>"; };
		61A818BC247477E2009DCE07 /* MusicTask.swift */ = {isa = PBXFileReference; lastKnownFileType = sourcecode.swift; path = MusicTask.swift; sourceTree = "<group>"; };
		61A818BE2474858D009DCE07 /* MusicTasks.swift */ = {isa = PBXFileReference; lastKnownFileType = sourcecode.swift; path = MusicTasks.swift; sourceTree = "<group>"; };
		61A818C0247AB591009DCE07 /* String+Extension.swift */ = {isa = PBXFileReference; lastKnownFileType = sourcecode.swift; path = "String+Extension.swift"; sourceTree = "<group>"; };
		61CDA926247C66E800780D04 /* PianoView.swift */ = {isa = PBXFileReference; lastKnownFileType = sourcecode.swift; path = PianoView.swift; sourceTree = "<group>"; };
/* End PBXFileReference section */

/* Begin PBXFrameworksBuildPhase section */
		6149ED08245978CD00A1375A /* Frameworks */ = {
			isa = PBXFrameworksBuildPhase;
			buildActionMask = 2147483647;
			files = (
			);
			runOnlyForDeploymentPostprocessing = 0;
		};
/* End PBXFrameworksBuildPhase section */

/* Begin PBXGroup section */
		6149ED02245978CD00A1375A = {
			isa = PBXGroup;
			children = (
				6149ED0E245978CD00A1375A /* AppDelegate.swift */,
				6149ED0D245978CD00A1375A /* MusicTheoryApp */,
				6149ED0C245978CD00A1375A /* Products */,
			);
			sourceTree = "<group>";
		};
		6149ED0C245978CD00A1375A /* Products */ = {
			isa = PBXGroup;
			children = (
				6149ED0B245978CD00A1375A /* MusicTheoryApp.app */,
			);
			name = Products;
			sourceTree = "<group>";
		};
		6149ED0D245978CD00A1375A /* MusicTheoryApp */ = {
			isa = PBXGroup;
			children = (
				61A818BB247477A7009DCE07 /* ViewControllers */,
				617F7EC5245DFB9D00EE08AA /* Model */,
				61A818BA24747761009DCE07 /* ViewModel */,
				6149ED26245B697700A1375A /* Views */,
				619E3E5224686F1A003ECD16 /* Extensions */,
				6149ED14245978D700A1375A /* Assets.xcassets */,
				6149ED19245978D700A1375A /* LaunchScreen.storyboard */,
				6149ED1C245978D700A1375A /* Info.plist */,
			);
			path = MusicTheoryApp;
			sourceTree = "<group>";
		};
		6149ED26245B697700A1375A /* Views */ = {
			isa = PBXGroup;
			children = (
				6149ED27245B69E500A1375A /* StaffView.swift */,
				61CDA926247C66E800780D04 /* PianoView.swift */,
			);
			path = Views;
			sourceTree = "<group>";
		};
		617F7EC5245DFB9D00EE08AA /* Model */ = {
			isa = PBXGroup;
			children = (
				6149ED24245A24D600A1375A /* Note.swift */,
				61A818BC247477E2009DCE07 /* MusicTask.swift */,
				61A4B502248843FF004A286E /* MusicTaskSelectNote.swift */,
				61A4B5042488477F004A286E /* MusicTaskShowNoteOnThePiano.swift */,
				61A818BE2474858D009DCE07 /* MusicTasks.swift */,
			);
			path = Model;
			sourceTree = "<group>";
		};
		619E3E5224686F1A003ECD16 /* Extensions */ = {
			isa = PBXGroup;
			children = (
				619E3E5324686F52003ECD16 /* UIImage+Extension.swift */,
				61A818C0247AB591009DCE07 /* String+Extension.swift */,
			);
			path = Extensions;
			sourceTree = "<group>";
		};
		61A818BA24747761009DCE07 /* ViewModel */ = {
			isa = PBXGroup;
			children = (
				610585FC2460B63700F56611 /* NoteViewModel.swift */,
			);
			path = ViewModel;
			sourceTree = "<group>";
		};
		61A818BB247477A7009DCE07 /* ViewControllers */ = {
			isa = PBXGroup;
			children = (
				6149ED22245A1DCE00A1375A /* ViewController.swift */,
			);
			path = ViewControllers;
			sourceTree = "<group>";
		};
/* End PBXGroup section */

/* Begin PBXNativeTarget section */
		6149ED0A245978CD00A1375A /* MusicTheoryApp */ = {
			isa = PBXNativeTarget;
			buildConfigurationList = 6149ED1F245978D700A1375A /* Build configuration list for PBXNativeTarget "MusicTheoryApp" */;
			buildPhases = (
				6149ED07245978CD00A1375A /* Sources */,
				6149ED08245978CD00A1375A /* Frameworks */,
				6149ED09245978CD00A1375A /* Resources */,
			);
			buildRules = (
			);
			dependencies = (
			);
			name = MusicTheoryApp;
			productName = MusicTheoryApp;
			productReference = 6149ED0B245978CD00A1375A /* MusicTheoryApp.app */;
			productType = "com.apple.product-type.application";
		};
/* End PBXNativeTarget section */

/* Begin PBXProject section */
		6149ED03245978CD00A1375A /* Project object */ = {
			isa = PBXProject;
			attributes = {
				LastSwiftUpdateCheck = 1140;
				LastUpgradeCheck = 1140;
				ORGANIZATIONNAME = "Лилия Левина";
				TargetAttributes = {
					6149ED0A245978CD00A1375A = {
						CreatedOnToolsVersion = 11.4;
					};
				};
			};
			buildConfigurationList = 6149ED06245978CD00A1375A /* Build configuration list for PBXProject "MusicTheoryApp" */;
			compatibilityVersion = "Xcode 9.3";
			developmentRegion = en;
			hasScannedForEncodings = 0;
			knownRegions = (
				en,
				Base,
			);
			mainGroup = 6149ED02245978CD00A1375A;
			productRefGroup = 6149ED0C245978CD00A1375A /* Products */;
			projectDirPath = "";
			projectRoot = "";
			targets = (
				6149ED0A245978CD00A1375A /* MusicTheoryApp */,
			);
		};
/* End PBXProject section */

/* Begin PBXResourcesBuildPhase section */
		6149ED09245978CD00A1375A /* Resources */ = {
			isa = PBXResourcesBuildPhase;
			buildActionMask = 2147483647;
			files = (
				6149ED1B245978D700A1375A /* LaunchScreen.storyboard in Resources */,
				6149ED15245978D700A1375A /* Assets.xcassets in Resources */,
			);
			runOnlyForDeploymentPostprocessing = 0;
		};
/* End PBXResourcesBuildPhase section */

/* Begin PBXSourcesBuildPhase section */
		6149ED07245978CD00A1375A /* Sources */ = {
			isa = PBXSourcesBuildPhase;
			buildActionMask = 2147483647;
			files = (
				610585FD2460B63700F56611 /* NoteViewModel.swift in Sources */,
				61A818C1247AB591009DCE07 /* String+Extension.swift in Sources */,
				6149ED23245A1DCE00A1375A /* ViewController.swift in Sources */,
				61A818BF2474858D009DCE07 /* MusicTasks.swift in Sources */,
				61CDA927247C66E800780D04 /* PianoView.swift in Sources */,
				6149ED0F245978CD00A1375A /* AppDelegate.swift in Sources */,
				619E3E5424686F52003ECD16 /* UIImage+Extension.swift in Sources */,
				6149ED28245B69E500A1375A /* StaffView.swift in Sources */,
				61A4B5052488477F004A286E /* MusicTaskShowNoteOnThePiano.swift in Sources */,
				61A4B503248843FF004A286E /* MusicTaskSelectNote.swift in Sources */,
				61A818BD247477E2009DCE07 /* MusicTask.swift in Sources */,
				617F7EC7245E05F900EE08AA /* Note.swift in Sources */,
			);
			runOnlyForDeploymentPostprocessing = 0;
		};
/* End PBXSourcesBuildPhase section */

/* Begin PBXVariantGroup section */
		6149ED19245978D700A1375A /* LaunchScreen.storyboard */ = {
			isa = PBXVariantGroup;
			children = (
				6149ED1A245978D700A1375A /* Base */,
			);
			name = LaunchScreen.storyboard;
			sourceTree = "<group>";
		};
/* End PBXVariantGroup section */

/* Begin XCBuildConfiguration section */
		6149ED1D245978D700A1375A /* Debug */ = {
			isa = XCBuildConfiguration;
			buildSettings = {
				ALWAYS_SEARCH_USER_PATHS = NO;
				CLANG_ANALYZER_NONNULL = YES;
				CLANG_ANALYZER_NUMBER_OBJECT_CONVERSION = YES_AGGRESSIVE;
				CLANG_CXX_LANGUAGE_STANDARD = "gnu++14";
				CLANG_CXX_LIBRARY = "libc++";
				CLANG_ENABLE_MODULES = YES;
				CLANG_ENABLE_OBJC_ARC = YES;
				CLANG_ENABLE_OBJC_WEAK = YES;
				CLANG_WARN_BLOCK_CAPTURE_AUTORELEASING = YES;
				CLANG_WARN_BOOL_CONVERSION = YES;
				CLANG_WARN_COMMA = YES;
				CLANG_WARN_CONSTANT_CONVERSION = YES;
				CLANG_WARN_DEPRECATED_OBJC_IMPLEMENTATIONS = YES;
				CLANG_WARN_DIRECT_OBJC_ISA_USAGE = YES_ERROR;
				CLANG_WARN_DOCUMENTATION_COMMENTS = YES;
				CLANG_WARN_EMPTY_BODY = YES;
				CLANG_WARN_ENUM_CONVERSION = YES;
				CLANG_WARN_INFINITE_RECURSION = YES;
				CLANG_WARN_INT_CONVERSION = YES;
				CLANG_WARN_NON_LITERAL_NULL_CONVERSION = YES;
				CLANG_WARN_OBJC_IMPLICIT_RETAIN_SELF = YES;
				CLANG_WARN_OBJC_LITERAL_CONVERSION = YES;
				CLANG_WARN_OBJC_ROOT_CLASS = YES_ERROR;
				CLANG_WARN_RANGE_LOOP_ANALYSIS = YES;
				CLANG_WARN_STRICT_PROTOTYPES = YES;
				CLANG_WARN_SUSPICIOUS_MOVE = YES;
				CLANG_WARN_UNGUARDED_AVAILABILITY = YES_AGGRESSIVE;
				CLANG_WARN_UNREACHABLE_CODE = YES;
				CLANG_WARN__DUPLICATE_METHOD_MATCH = YES;
				COPY_PHASE_STRIP = NO;
				DEBUG_INFORMATION_FORMAT = dwarf;
				ENABLE_STRICT_OBJC_MSGSEND = YES;
				ENABLE_TESTABILITY = YES;
				GCC_C_LANGUAGE_STANDARD = gnu11;
				GCC_DYNAMIC_NO_PIC = NO;
				GCC_NO_COMMON_BLOCKS = YES;
				GCC_OPTIMIZATION_LEVEL = 0;
				GCC_PREPROCESSOR_DEFINITIONS = (
					"DEBUG=1",
					"$(inherited)",
				);
				GCC_WARN_64_TO_32_BIT_CONVERSION = YES;
				GCC_WARN_ABOUT_RETURN_TYPE = YES_ERROR;
				GCC_WARN_UNDECLARED_SELECTOR = YES;
				GCC_WARN_UNINITIALIZED_AUTOS = YES_AGGRESSIVE;
				GCC_WARN_UNUSED_FUNCTION = YES;
				GCC_WARN_UNUSED_VARIABLE = YES;
				IPHONEOS_DEPLOYMENT_TARGET = 13.4;
				MTL_ENABLE_DEBUG_INFO = INCLUDE_SOURCE;
				MTL_FAST_MATH = YES;
				ONLY_ACTIVE_ARCH = YES;
				SDKROOT = iphoneos;
				SWIFT_ACTIVE_COMPILATION_CONDITIONS = DEBUG;
				SWIFT_OPTIMIZATION_LEVEL = "-Onone";
			};
			name = Debug;
		};
		6149ED1E245978D700A1375A /* Release */ = {
			isa = XCBuildConfiguration;
			buildSettings = {
				ALWAYS_SEARCH_USER_PATHS = NO;
				CLANG_ANALYZER_NONNULL = YES;
				CLANG_ANALYZER_NUMBER_OBJECT_CONVERSION = YES_AGGRESSIVE;
				CLANG_CXX_LANGUAGE_STANDARD = "gnu++14";
				CLANG_CXX_LIBRARY = "libc++";
				CLANG_ENABLE_MODULES = YES;
				CLANG_ENABLE_OBJC_ARC = YES;
				CLANG_ENABLE_OBJC_WEAK = YES;
				CLANG_WARN_BLOCK_CAPTURE_AUTORELEASING = YES;
				CLANG_WARN_BOOL_CONVERSION = YES;
				CLANG_WARN_COMMA = YES;
				CLANG_WARN_CONSTANT_CONVERSION = YES;
				CLANG_WARN_DEPRECATED_OBJC_IMPLEMENTATIONS = YES;
				CLANG_WARN_DIRECT_OBJC_ISA_USAGE = YES_ERROR;
				CLANG_WARN_DOCUMENTATION_COMMENTS = YES;
				CLANG_WARN_EMPTY_BODY = YES;
				CLANG_WARN_ENUM_CONVERSION = YES;
				CLANG_WARN_INFINITE_RECURSION = YES;
				CLANG_WARN_INT_CONVERSION = YES;
				CLANG_WARN_NON_LITERAL_NULL_CONVERSION = YES;
				CLANG_WARN_OBJC_IMPLICIT_RETAIN_SELF = YES;
				CLANG_WARN_OBJC_LITERAL_CONVERSION = YES;
				CLANG_WARN_OBJC_ROOT_CLASS = YES_ERROR;
				CLANG_WARN_RANGE_LOOP_ANALYSIS = YES;
				CLANG_WARN_STRICT_PROTOTYPES = YES;
				CLANG_WARN_SUSPICIOUS_MOVE = YES;
				CLANG_WARN_UNGUARDED_AVAILABILITY = YES_AGGRESSIVE;
				CLANG_WARN_UNREACHABLE_CODE = YES;
				CLANG_WARN__DUPLICATE_METHOD_MATCH = YES;
				COPY_PHASE_STRIP = NO;
				DEBUG_INFORMATION_FORMAT = "dwarf-with-dsym";
				ENABLE_NS_ASSERTIONS = NO;
				ENABLE_STRICT_OBJC_MSGSEND = YES;
				GCC_C_LANGUAGE_STANDARD = gnu11;
				GCC_NO_COMMON_BLOCKS = YES;
				GCC_WARN_64_TO_32_BIT_CONVERSION = YES;
				GCC_WARN_ABOUT_RETURN_TYPE = YES_ERROR;
				GCC_WARN_UNDECLARED_SELECTOR = YES;
				GCC_WARN_UNINITIALIZED_AUTOS = YES_AGGRESSIVE;
				GCC_WARN_UNUSED_FUNCTION = YES;
				GCC_WARN_UNUSED_VARIABLE = YES;
				IPHONEOS_DEPLOYMENT_TARGET = 13.4;
				MTL_ENABLE_DEBUG_INFO = NO;
				MTL_FAST_MATH = YES;
				SDKROOT = iphoneos;
				SWIFT_COMPILATION_MODE = wholemodule;
				SWIFT_OPTIMIZATION_LEVEL = "-O";
				VALIDATE_PRODUCT = YES;
			};
			name = Release;
		};
		6149ED20245978D700A1375A /* Debug */ = {
			isa = XCBuildConfiguration;
			buildSettings = {
				ASSETCATALOG_COMPILER_APPICON_NAME = AppIcon;
				CODE_SIGN_STYLE = Automatic;
				DEVELOPMENT_ASSET_PATHS = "\"MusicTheoryApp\"";
				DEVELOPMENT_TEAM = 9A9LR934E6;
				ENABLE_PREVIEWS = YES;
				INFOPLIST_FILE = MusicTheoryApp/Info.plist;
				LD_RUNPATH_SEARCH_PATHS = (
					"$(inherited)",
					"@executable_path/Frameworks",
				);
				PRODUCT_BUNDLE_IDENTIFIER = L887ddd877.com.MusicTheoryApp;
				PRODUCT_NAME = "$(TARGET_NAME)";
				SWIFT_VERSION = 5.0;
				TARGETED_DEVICE_FAMILY = 1;
			};
			name = Debug;
		};
		6149ED21245978D700A1375A /* Release */ = {
			isa = XCBuildConfiguration;
			buildSettings = {
				ASSETCATALOG_COMPILER_APPICON_NAME = AppIcon;
				CODE_SIGN_STYLE = Automatic;
				DEVELOPMENT_ASSET_PATHS = "\"MusicTheoryApp\"";
				DEVELOPMENT_TEAM = 9A9LR934E6;
				ENABLE_PREVIEWS = YES;
				INFOPLIST_FILE = MusicTheoryApp/Info.plist;
				LD_RUNPATH_SEARCH_PATHS = (
					"$(inherited)",
					"@executable_path/Frameworks",
				);
				PRODUCT_BUNDLE_IDENTIFIER = L887ddd877.com.MusicTheoryApp;
				PRODUCT_NAME = "$(TARGET_NAME)";
				SWIFT_VERSION = 5.0;
				TARGETED_DEVICE_FAMILY = 1;
			};
			name = Release;
		};
/* End XCBuildConfiguration section */

/* Begin XCConfigurationList section */
		6149ED06245978CD00A1375A /* Build configuration list for PBXProject "MusicTheoryApp" */ = {
			isa = XCConfigurationList;
			buildConfigurations = (
				6149ED1D245978D700A1375A /* Debug */,
				6149ED1E245978D700A1375A /* Release */,
			);
			defaultConfigurationIsVisible = 0;
			defaultConfigurationName = Release;
		};
		6149ED1F245978D700A1375A /* Build configuration list for PBXNativeTarget "MusicTheoryApp" */ = {
			isa = XCConfigurationList;
			buildConfigurations = (
				6149ED20245978D700A1375A /* Debug */,
				6149ED21245978D700A1375A /* Release */,
			);
			defaultConfigurationIsVisible = 0;
			defaultConfigurationName = Release;
		};
/* End XCConfigurationList section */
	};
	rootObject = 6149ED03245978CD00A1375A /* Project object */;
}
