// !$*UTF8*$!
{
	archiveVersion = 1;
	classes = {
	};
	objectVersion = 50;
	objects = {

/* Begin PBXBuildFile section */
		610585FD2460B63700F56611 /* NoteViewModel.swift in Sources */ = {isa = PBXBuildFile; fileRef = 610585FC2460B63700F56611 /* NoteViewModel.swift */; };
		612AAAAC24D74FFE00A3CC28 /* ClassicSparkTrajectoryFactoryProtocol.swift in Sources */ = {isa = PBXBuildFile; fileRef = 612AAA9224D74FFD00A3CC28 /* ClassicSparkTrajectoryFactoryProtocol.swift */; };
		612AAAAD24D74FFE00A3CC28 /* ClassicFireworkController.swift in Sources */ = {isa = PBXBuildFile; fileRef = 612AAA9324D74FFD00A3CC28 /* ClassicFireworkController.swift */; };
		612AAAAE24D74FFE00A3CC28 /* ClassicSparkTrajectoryFactory.swift in Sources */ = {isa = PBXBuildFile; fileRef = 612AAA9424D74FFD00A3CC28 /* ClassicSparkTrajectoryFactory.swift */; };
		612AAAAF24D74FFE00A3CC28 /* ClassicFireworkAnimator.swift in Sources */ = {isa = PBXBuildFile; fileRef = 612AAA9524D74FFD00A3CC28 /* ClassicFireworkAnimator.swift */; };
		612AAAB024D74FFE00A3CC28 /* ClassicFirework.swift in Sources */ = {isa = PBXBuildFile; fileRef = 612AAA9624D74FFD00A3CC28 /* ClassicFirework.swift */; };
		612AAAB124D74FFE00A3CC28 /* FountainFirework.swift in Sources */ = {isa = PBXBuildFile; fileRef = 612AAA9824D74FFE00A3CC28 /* FountainFirework.swift */; };
		612AAAB224D74FFE00A3CC28 /* FountainFireworkAnimator.swift in Sources */ = {isa = PBXBuildFile; fileRef = 612AAA9924D74FFE00A3CC28 /* FountainFireworkAnimator.swift */; };
		612AAAB324D74FFE00A3CC28 /* FountainFireworkController.swift in Sources */ = {isa = PBXBuildFile; fileRef = 612AAA9A24D74FFE00A3CC28 /* FountainFireworkController.swift */; };
		612AAAB424D74FFE00A3CC28 /* FountainSparkTrajectoryFactory.swift in Sources */ = {isa = PBXBuildFile; fileRef = 612AAA9B24D74FFE00A3CC28 /* FountainSparkTrajectoryFactory.swift */; };
		612AAAB524D74FFE00A3CC28 /* ImageSparkViewFactory.swift in Sources */ = {isa = PBXBuildFile; fileRef = 612AAA9D24D74FFE00A3CC28 /* ImageSparkViewFactory.swift */; };
		612AAAB624D74FFE00A3CC28 /* CircleColorSparkViewFactory.swift in Sources */ = {isa = PBXBuildFile; fileRef = 612AAA9E24D74FFE00A3CC28 /* CircleColorSparkViewFactory.swift */; };
		612AAAB724D74FFE00A3CC28 /* CircleColorSparkView.swift in Sources */ = {isa = PBXBuildFile; fileRef = 612AAA9F24D74FFE00A3CC28 /* CircleColorSparkView.swift */; };
		612AAAB824D74FFE00A3CC28 /* ImageSparkView.swift in Sources */ = {isa = PBXBuildFile; fileRef = 612AAAA024D74FFE00A3CC28 /* ImageSparkView.swift */; };
		612AAAB924D74FFE00A3CC28 /* SparkTrajectory.swift in Sources */ = {isa = PBXBuildFile; fileRef = 612AAAA224D74FFE00A3CC28 /* SparkTrajectory.swift */; };
		612AAABA24D74FFE00A3CC28 /* SparkTrajectoryFactory.swift in Sources */ = {isa = PBXBuildFile; fileRef = 612AAAA324D74FFE00A3CC28 /* SparkTrajectoryFactory.swift */; };
		612AAABB24D74FFE00A3CC28 /* FireworkSparkScheduler.swift in Sources */ = {isa = PBXBuildFile; fileRef = 612AAAA424D74FFE00A3CC28 /* FireworkSparkScheduler.swift */; };
		612AAABC24D74FFE00A3CC28 /* Firework.swift in Sources */ = {isa = PBXBuildFile; fileRef = 612AAAA524D74FFE00A3CC28 /* Firework.swift */; };
		612AAABD24D74FFE00A3CC28 /* SparkViewAnimator.swift in Sources */ = {isa = PBXBuildFile; fileRef = 612AAAA624D74FFE00A3CC28 /* SparkViewAnimator.swift */; };
		612AAABE24D74FFE00A3CC28 /* SparkView.swift in Sources */ = {isa = PBXBuildFile; fileRef = 612AAAA724D74FFE00A3CC28 /* SparkView.swift */; };
		612AAABF24D74FFE00A3CC28 /* SparkViewFactory.swift in Sources */ = {isa = PBXBuildFile; fileRef = 612AAAA824D74FFE00A3CC28 /* SparkViewFactory.swift */; };
		612AAAC024D74FFE00A3CC28 /* FireworkSpark.swift in Sources */ = {isa = PBXBuildFile; fileRef = 612AAAA924D74FFE00A3CC28 /* FireworkSpark.swift */; };
		612AAAC124D74FFE00A3CC28 /* CGPoint+Extensions.swift in Sources */ = {isa = PBXBuildFile; fileRef = 612AAAAB24D74FFE00A3CC28 /* CGPoint+Extensions.swift */; };
		6149ED0F245978CD00A1375A /* AppDelegate.swift in Sources */ = {isa = PBXBuildFile; fileRef = 6149ED0E245978CD00A1375A /* AppDelegate.swift */; };
		6149ED15245978D700A1375A /* Assets.xcassets in Resources */ = {isa = PBXBuildFile; fileRef = 6149ED14245978D700A1375A /* Assets.xcassets */; };
		6149ED1B245978D700A1375A /* LaunchScreen.storyboard in Resources */ = {isa = PBXBuildFile; fileRef = 6149ED19245978D700A1375A /* LaunchScreen.storyboard */; };
		6149ED23245A1DCE00A1375A /* ViewController.swift in Sources */ = {isa = PBXBuildFile; fileRef = 6149ED22245A1DCE00A1375A /* ViewController.swift */; };
		6149ED28245B69E500A1375A /* StaffView.swift in Sources */ = {isa = PBXBuildFile; fileRef = 6149ED27245B69E500A1375A /* StaffView.swift */; };
		6172FA16249C084C009153BD /* MusicTaskWriteNoteInWordViewModel.swift in Sources */ = {isa = PBXBuildFile; fileRef = 6172FA15249C084C009153BD /* MusicTaskWriteNoteInWordViewModel.swift */; };
		6172FA18249C12A9009153BD /* MusicTaskWriteNoteInWordView.swift in Sources */ = {isa = PBXBuildFile; fileRef = 6172FA17249C12A9009153BD /* MusicTaskWriteNoteInWordView.swift */; };
		6175CA0824BA51820028BDBD /* QuizCollectionViewCell.swift in Sources */ = {isa = PBXBuildFile; fileRef = 6175CA0724BA51820028BDBD /* QuizCollectionViewCell.swift */; };
		6175CA0A24BC5C920028BDBD /* QuizSelectNoteCollectionViewCell.swift in Sources */ = {isa = PBXBuildFile; fileRef = 6175CA0924BC5C920028BDBD /* QuizSelectNoteCollectionViewCell.swift */; };
		617F7EC7245E05F900EE08AA /* Note.swift in Sources */ = {isa = PBXBuildFile; fileRef = 6149ED24245A24D600A1375A /* Note.swift */; };
		619BB53924B4FF3C00D3076E /* MainConfigurator.swift in Sources */ = {isa = PBXBuildFile; fileRef = 619BB53824B4FF3C00D3076E /* MainConfigurator.swift */; };
		619BB53B24B5008F00D3076E /* MainProtocols.swift in Sources */ = {isa = PBXBuildFile; fileRef = 619BB53A24B5008F00D3076E /* MainProtocols.swift */; };
		619BB53D24B5021B00D3076E /* MainViewController.swift in Sources */ = {isa = PBXBuildFile; fileRef = 619BB53C24B5021B00D3076E /* MainViewController.swift */; };
		619BB53F24B5048300D3076E /* MainPresenter.swift in Sources */ = {isa = PBXBuildFile; fileRef = 619BB53E24B5048300D3076E /* MainPresenter.swift */; };
		619BB54124B5096E00D3076E /* MainInteractor.swift in Sources */ = {isa = PBXBuildFile; fileRef = 619BB54024B5096E00D3076E /* MainInteractor.swift */; };
		619BB54324B50F5A00D3076E /* MainRouter.swift in Sources */ = {isa = PBXBuildFile; fileRef = 619BB54224B50F5A00D3076E /* MainRouter.swift */; };
		619BB54524B5C7A900D3076E /* MainViewCollectionViewCell.swift in Sources */ = {isa = PBXBuildFile; fileRef = 619BB54424B5C7A900D3076E /* MainViewCollectionViewCell.swift */; };
		619BB54724B7234C00D3076E /* QuizViewController.swift in Sources */ = {isa = PBXBuildFile; fileRef = 619BB54624B7234C00D3076E /* QuizViewController.swift */; };
		619BB54A24B743C100D3076E /* QuizProtocols.swift in Sources */ = {isa = PBXBuildFile; fileRef = 619BB54924B743C100D3076E /* QuizProtocols.swift */; };
		619BB54C24B7463200D3076E /* QuizConfigurator.swift in Sources */ = {isa = PBXBuildFile; fileRef = 619BB54B24B7463200D3076E /* QuizConfigurator.swift */; };
		619BB54E24B7475200D3076E /* QuizPresenter.swift in Sources */ = {isa = PBXBuildFile; fileRef = 619BB54D24B7475200D3076E /* QuizPresenter.swift */; };
		619BB55024B749EF00D3076E /* QuizInteractor.swift in Sources */ = {isa = PBXBuildFile; fileRef = 619BB54F24B749EF00D3076E /* QuizInteractor.swift */; };
		619BB55224B74A2300D3076E /* QuizRouter.swift in Sources */ = {isa = PBXBuildFile; fileRef = 619BB55124B74A2300D3076E /* QuizRouter.swift */; };
		619E3E5424686F52003ECD16 /* UIImage+Extension.swift in Sources */ = {isa = PBXBuildFile; fileRef = 619E3E5324686F52003ECD16 /* UIImage+Extension.swift */; };
		61A4B503248843FF004A286E /* MusicTaskSelectNote.swift in Sources */ = {isa = PBXBuildFile; fileRef = 61A4B502248843FF004A286E /* MusicTaskSelectNote.swift */; };
		61A4B5052488477F004A286E /* MusicTaskShowNoteOnThePiano.swift in Sources */ = {isa = PBXBuildFile; fileRef = 61A4B5042488477F004A286E /* MusicTaskShowNoteOnThePiano.swift */; };
		61A4B507248998F5004A286E /* MusicTaskSelectNoteViewModel.swift in Sources */ = {isa = PBXBuildFile; fileRef = 61A4B506248998F5004A286E /* MusicTaskSelectNoteViewModel.swift */; };
		61A4B509248999CF004A286E /* MusicTaskSelectNoteView.swift in Sources */ = {isa = PBXBuildFile; fileRef = 61A4B508248999CF004A286E /* MusicTaskSelectNoteView.swift */; };
		61A4B744248ECC2A00C0E92D /* MusicTaskShowNoteOnThePianoViewModel.swift in Sources */ = {isa = PBXBuildFile; fileRef = 61A4B743248ECC2A00C0E92D /* MusicTaskShowNoteOnThePianoViewModel.swift */; };
		61A4B746248ECDC500C0E92D /* MusicTaskShowNoteOnThePianoView.swift in Sources */ = {isa = PBXBuildFile; fileRef = 61A4B745248ECDC500C0E92D /* MusicTaskShowNoteOnThePianoView.swift */; };
		61A4B74824917D2E00C0E92D /* MusicTaskSelectNoteInWord.swift in Sources */ = {isa = PBXBuildFile; fileRef = 61A4B74724917D2E00C0E92D /* MusicTaskSelectNoteInWord.swift */; };
		61A4B74A2491860D00C0E92D /* MusicTaskSelectNoteInWordViewModel.swift in Sources */ = {isa = PBXBuildFile; fileRef = 61A4B7492491860D00C0E92D /* MusicTaskSelectNoteInWordViewModel.swift */; };
		61A4B74C24918ADB00C0E92D /* MusicTaskSelectNoteInWordView.swift in Sources */ = {isa = PBXBuildFile; fileRef = 61A4B74B24918ADB00C0E92D /* MusicTaskSelectNoteInWordView.swift */; };
		61A818BD247477E2009DCE07 /* MusicTask.swift in Sources */ = {isa = PBXBuildFile; fileRef = 61A818BC247477E2009DCE07 /* MusicTask.swift */; };
		61A818BF2474858D009DCE07 /* MusicTasks.swift in Sources */ = {isa = PBXBuildFile; fileRef = 61A818BE2474858D009DCE07 /* MusicTasks.swift */; };
		61A818C1247AB591009DCE07 /* String+Extension.swift in Sources */ = {isa = PBXBuildFile; fileRef = 61A818C0247AB591009DCE07 /* String+Extension.swift */; };
		61CC250024EC6F9700424B96 /* QuizSelectNoteInWordCollectionViewCell.swift in Sources */ = {isa = PBXBuildFile; fileRef = 61CC24FF24EC6F9600424B96 /* QuizSelectNoteInWordCollectionViewCell.swift */; };
		61CDA927247C66E800780D04 /* PianoView.swift in Sources */ = {isa = PBXBuildFile; fileRef = 61CDA926247C66E800780D04 /* PianoView.swift */; };
		61E3914B24CE079500603666 /* DeviceTypeManager.swift in Sources */ = {isa = PBXBuildFile; fileRef = 61E3914A24CE079500603666 /* DeviceTypeManager.swift */; };
		61E8ABEE24BC989D00B58A01 /* QuizShowNoteCollectionViewCell.swift in Sources */ = {isa = PBXBuildFile; fileRef = 61E8ABED24BC989D00B58A01 /* QuizShowNoteCollectionViewCell.swift */; };
		61E8ABF024BDB29100B58A01 /* QuizWriteNoteCollectionViewCell.swift in Sources */ = {isa = PBXBuildFile; fileRef = 61E8ABEF24BDB29100B58A01 /* QuizWriteNoteCollectionViewCell.swift */; };
/* End PBXBuildFile section */

/* Begin PBXFileReference section */
		610585FC2460B63700F56611 /* NoteViewModel.swift */ = {isa = PBXFileReference; lastKnownFileType = sourcecode.swift; path = NoteViewModel.swift; sourceTree = "<group>"; };
		610C41DD24F45EA20028BE18 /* ru */ = {isa = PBXFileReference; lastKnownFileType = text.plist.strings; name = ru; path = ru.lproj/LaunchScreen.strings; sourceTree = "<group>"; };
		612AAA9224D74FFD00A3CC28 /* ClassicSparkTrajectoryFactoryProtocol.swift */ = {isa = PBXFileReference; fileEncoding = 4; lastKnownFileType = sourcecode.swift; path = ClassicSparkTrajectoryFactoryProtocol.swift; sourceTree = "<group>"; };
		612AAA9324D74FFD00A3CC28 /* ClassicFireworkController.swift */ = {isa = PBXFileReference; fileEncoding = 4; lastKnownFileType = sourcecode.swift; path = ClassicFireworkController.swift; sourceTree = "<group>"; };
		612AAA9424D74FFD00A3CC28 /* ClassicSparkTrajectoryFactory.swift */ = {isa = PBXFileReference; fileEncoding = 4; lastKnownFileType = sourcecode.swift; path = ClassicSparkTrajectoryFactory.swift; sourceTree = "<group>"; };
		612AAA9524D74FFD00A3CC28 /* ClassicFireworkAnimator.swift */ = {isa = PBXFileReference; fileEncoding = 4; lastKnownFileType = sourcecode.swift; path = ClassicFireworkAnimator.swift; sourceTree = "<group>"; };
		612AAA9624D74FFD00A3CC28 /* ClassicFirework.swift */ = {isa = PBXFileReference; fileEncoding = 4; lastKnownFileType = sourcecode.swift; path = ClassicFirework.swift; sourceTree = "<group>"; };
		612AAA9824D74FFE00A3CC28 /* FountainFirework.swift */ = {isa = PBXFileReference; fileEncoding = 4; lastKnownFileType = sourcecode.swift; path = FountainFirework.swift; sourceTree = "<group>"; };
		612AAA9924D74FFE00A3CC28 /* FountainFireworkAnimator.swift */ = {isa = PBXFileReference; fileEncoding = 4; lastKnownFileType = sourcecode.swift; path = FountainFireworkAnimator.swift; sourceTree = "<group>"; };
		612AAA9A24D74FFE00A3CC28 /* FountainFireworkController.swift */ = {isa = PBXFileReference; fileEncoding = 4; lastKnownFileType = sourcecode.swift; path = FountainFireworkController.swift; sourceTree = "<group>"; };
		612AAA9B24D74FFE00A3CC28 /* FountainSparkTrajectoryFactory.swift */ = {isa = PBXFileReference; fileEncoding = 4; lastKnownFileType = sourcecode.swift; path = FountainSparkTrajectoryFactory.swift; sourceTree = "<group>"; };
		612AAA9D24D74FFE00A3CC28 /* ImageSparkViewFactory.swift */ = {isa = PBXFileReference; fileEncoding = 4; lastKnownFileType = sourcecode.swift; path = ImageSparkViewFactory.swift; sourceTree = "<group>"; };
		612AAA9E24D74FFE00A3CC28 /* CircleColorSparkViewFactory.swift */ = {isa = PBXFileReference; fileEncoding = 4; lastKnownFileType = sourcecode.swift; path = CircleColorSparkViewFactory.swift; sourceTree = "<group>"; };
		612AAA9F24D74FFE00A3CC28 /* CircleColorSparkView.swift */ = {isa = PBXFileReference; fileEncoding = 4; lastKnownFileType = sourcecode.swift; path = CircleColorSparkView.swift; sourceTree = "<group>"; };
		612AAAA024D74FFE00A3CC28 /* ImageSparkView.swift */ = {isa = PBXFileReference; fileEncoding = 4; lastKnownFileType = sourcecode.swift; path = ImageSparkView.swift; sourceTree = "<group>"; };
		612AAAA224D74FFE00A3CC28 /* SparkTrajectory.swift */ = {isa = PBXFileReference; fileEncoding = 4; lastKnownFileType = sourcecode.swift; path = SparkTrajectory.swift; sourceTree = "<group>"; };
		612AAAA324D74FFE00A3CC28 /* SparkTrajectoryFactory.swift */ = {isa = PBXFileReference; fileEncoding = 4; lastKnownFileType = sourcecode.swift; path = SparkTrajectoryFactory.swift; sourceTree = "<group>"; };
		612AAAA424D74FFE00A3CC28 /* FireworkSparkScheduler.swift */ = {isa = PBXFileReference; fileEncoding = 4; lastKnownFileType = sourcecode.swift; path = FireworkSparkScheduler.swift; sourceTree = "<group>"; };
		612AAAA524D74FFE00A3CC28 /* Firework.swift */ = {isa = PBXFileReference; fileEncoding = 4; lastKnownFileType = sourcecode.swift; path = Firework.swift; sourceTree = "<group>"; };
		612AAAA624D74FFE00A3CC28 /* SparkViewAnimator.swift */ = {isa = PBXFileReference; fileEncoding = 4; lastKnownFileType = sourcecode.swift; path = SparkViewAnimator.swift; sourceTree = "<group>"; };
		612AAAA724D74FFE00A3CC28 /* SparkView.swift */ = {isa = PBXFileReference; fileEncoding = 4; lastKnownFileType = sourcecode.swift; path = SparkView.swift; sourceTree = "<group>"; };
		612AAAA824D74FFE00A3CC28 /* SparkViewFactory.swift */ = {isa = PBXFileReference; fileEncoding = 4; lastKnownFileType = sourcecode.swift; path = SparkViewFactory.swift; sourceTree = "<group>"; };
		612AAAA924D74FFE00A3CC28 /* FireworkSpark.swift */ = {isa = PBXFileReference; fileEncoding = 4; lastKnownFileType = sourcecode.swift; path = FireworkSpark.swift; sourceTree = "<group>"; };
		612AAAAB24D74FFE00A3CC28 /* CGPoint+Extensions.swift */ = {isa = PBXFileReference; fileEncoding = 4; lastKnownFileType = sourcecode.swift; path = "CGPoint+Extensions.swift"; sourceTree = "<group>"; };
		6149ED0B245978CD00A1375A /* MusicTheoryApp.app */ = {isa = PBXFileReference; explicitFileType = wrapper.application; includeInIndex = 0; path = MusicTheoryApp.app; sourceTree = BUILT_PRODUCTS_DIR; };
		6149ED0E245978CD00A1375A /* AppDelegate.swift */ = {isa = PBXFileReference; lastKnownFileType = sourcecode.swift; path = AppDelegate.swift; sourceTree = "<group>"; };
		6149ED14245978D700A1375A /* Assets.xcassets */ = {isa = PBXFileReference; lastKnownFileType = folder.assetcatalog; path = Assets.xcassets; sourceTree = "<group>"; };
		6149ED1A245978D700A1375A /* Base */ = {isa = PBXFileReference; lastKnownFileType = file.storyboard; name = Base; path = Base.lproj/LaunchScreen.storyboard; sourceTree = "<group>"; };
		6149ED1C245978D700A1375A /* Info.plist */ = {isa = PBXFileReference; lastKnownFileType = text.plist.xml; path = Info.plist; sourceTree = "<group>"; };
		6149ED22245A1DCE00A1375A /* ViewController.swift */ = {isa = PBXFileReference; lastKnownFileType = sourcecode.swift; path = ViewController.swift; sourceTree = "<group>"; };
		6149ED24245A24D600A1375A /* Note.swift */ = {isa = PBXFileReference; lastKnownFileType = sourcecode.swift; path = Note.swift; sourceTree = "<group>"; };
		6149ED27245B69E500A1375A /* StaffView.swift */ = {isa = PBXFileReference; lastKnownFileType = sourcecode.swift; path = StaffView.swift; sourceTree = "<group>"; };
		6172FA15249C084C009153BD /* MusicTaskWriteNoteInWordViewModel.swift */ = {isa = PBXFileReference; lastKnownFileType = sourcecode.swift; path = MusicTaskWriteNoteInWordViewModel.swift; sourceTree = "<group>"; };
		6172FA17249C12A9009153BD /* MusicTaskWriteNoteInWordView.swift */ = {isa = PBXFileReference; lastKnownFileType = sourcecode.swift; path = MusicTaskWriteNoteInWordView.swift; sourceTree = "<group>"; };
		6175CA0724BA51820028BDBD /* QuizCollectionViewCell.swift */ = {isa = PBXFileReference; lastKnownFileType = sourcecode.swift; path = QuizCollectionViewCell.swift; sourceTree = "<group>"; };
		6175CA0924BC5C920028BDBD /* QuizSelectNoteCollectionViewCell.swift */ = {isa = PBXFileReference; lastKnownFileType = sourcecode.swift; path = QuizSelectNoteCollectionViewCell.swift; sourceTree = "<group>"; };
		619BB53824B4FF3C00D3076E /* MainConfigurator.swift */ = {isa = PBXFileReference; lastKnownFileType = sourcecode.swift; path = MainConfigurator.swift; sourceTree = "<group>"; };
		619BB53A24B5008F00D3076E /* MainProtocols.swift */ = {isa = PBXFileReference; lastKnownFileType = sourcecode.swift; path = MainProtocols.swift; sourceTree = "<group>"; };
		619BB53C24B5021B00D3076E /* MainViewController.swift */ = {isa = PBXFileReference; lastKnownFileType = sourcecode.swift; path = MainViewController.swift; sourceTree = "<group>"; };
		619BB53E24B5048300D3076E /* MainPresenter.swift */ = {isa = PBXFileReference; lastKnownFileType = sourcecode.swift; path = MainPresenter.swift; sourceTree = "<group>"; };
		619BB54024B5096E00D3076E /* MainInteractor.swift */ = {isa = PBXFileReference; lastKnownFileType = sourcecode.swift; path = MainInteractor.swift; sourceTree = "<group>"; };
		619BB54224B50F5A00D3076E /* MainRouter.swift */ = {isa = PBXFileReference; lastKnownFileType = sourcecode.swift; path = MainRouter.swift; sourceTree = "<group>"; };
		619BB54424B5C7A900D3076E /* MainViewCollectionViewCell.swift */ = {isa = PBXFileReference; lastKnownFileType = sourcecode.swift; path = MainViewCollectionViewCell.swift; sourceTree = "<group>"; };
		619BB54624B7234C00D3076E /* QuizViewController.swift */ = {isa = PBXFileReference; lastKnownFileType = sourcecode.swift; path = QuizViewController.swift; sourceTree = "<group>"; };
		619BB54924B743C100D3076E /* QuizProtocols.swift */ = {isa = PBXFileReference; lastKnownFileType = sourcecode.swift; path = QuizProtocols.swift; sourceTree = "<group>"; };
		619BB54B24B7463200D3076E /* QuizConfigurator.swift */ = {isa = PBXFileReference; lastKnownFileType = sourcecode.swift; path = QuizConfigurator.swift; sourceTree = "<group>"; };
		619BB54D24B7475200D3076E /* QuizPresenter.swift */ = {isa = PBXFileReference; lastKnownFileType = sourcecode.swift; path = QuizPresenter.swift; sourceTree = "<group>"; };
		619BB54F24B749EF00D3076E /* QuizInteractor.swift */ = {isa = PBXFileReference; lastKnownFileType = sourcecode.swift; path = QuizInteractor.swift; sourceTree = "<group>"; };
		619BB55124B74A2300D3076E /* QuizRouter.swift */ = {isa = PBXFileReference; lastKnownFileType = sourcecode.swift; path = QuizRouter.swift; sourceTree = "<group>"; };
		619E3E5324686F52003ECD16 /* UIImage+Extension.swift */ = {isa = PBXFileReference; lastKnownFileType = sourcecode.swift; path = "UIImage+Extension.swift"; sourceTree = "<group>"; };
		61A4B502248843FF004A286E /* MusicTaskSelectNote.swift */ = {isa = PBXFileReference; lastKnownFileType = sourcecode.swift; path = MusicTaskSelectNote.swift; sourceTree = "<group>"; };
		61A4B5042488477F004A286E /* MusicTaskShowNoteOnThePiano.swift */ = {isa = PBXFileReference; lastKnownFileType = sourcecode.swift; path = MusicTaskShowNoteOnThePiano.swift; sourceTree = "<group>"; };
		61A4B506248998F5004A286E /* MusicTaskSelectNoteViewModel.swift */ = {isa = PBXFileReference; lastKnownFileType = sourcecode.swift; path = MusicTaskSelectNoteViewModel.swift; sourceTree = "<group>"; };
		61A4B508248999CF004A286E /* MusicTaskSelectNoteView.swift */ = {isa = PBXFileReference; lastKnownFileType = sourcecode.swift; path = MusicTaskSelectNoteView.swift; sourceTree = "<group>"; };
		61A4B743248ECC2A00C0E92D /* MusicTaskShowNoteOnThePianoViewModel.swift */ = {isa = PBXFileReference; lastKnownFileType = sourcecode.swift; path = MusicTaskShowNoteOnThePianoViewModel.swift; sourceTree = "<group>"; };
		61A4B745248ECDC500C0E92D /* MusicTaskShowNoteOnThePianoView.swift */ = {isa = PBXFileReference; lastKnownFileType = sourcecode.swift; path = MusicTaskShowNoteOnThePianoView.swift; sourceTree = "<group>"; };
		61A4B74724917D2E00C0E92D /* MusicTaskSelectNoteInWord.swift */ = {isa = PBXFileReference; lastKnownFileType = sourcecode.swift; path = MusicTaskSelectNoteInWord.swift; sourceTree = "<group>"; };
		61A4B7492491860D00C0E92D /* MusicTaskSelectNoteInWordViewModel.swift */ = {isa = PBXFileReference; lastKnownFileType = sourcecode.swift; path = MusicTaskSelectNoteInWordViewModel.swift; sourceTree = "<group>"; };
		61A4B74B24918ADB00C0E92D /* MusicTaskSelectNoteInWordView.swift */ = {isa = PBXFileReference; lastKnownFileType = sourcecode.swift; path = MusicTaskSelectNoteInWordView.swift; sourceTree = "<group>"; };
		61A818BC247477E2009DCE07 /* MusicTask.swift */ = {isa = PBXFileReference; lastKnownFileType = sourcecode.swift; path = MusicTask.swift; sourceTree = "<group>"; };
		61A818BE2474858D009DCE07 /* MusicTasks.swift */ = {isa = PBXFileReference; lastKnownFileType = sourcecode.swift; path = MusicTasks.swift; sourceTree = "<group>"; };
		61A818C0247AB591009DCE07 /* String+Extension.swift */ = {isa = PBXFileReference; lastKnownFileType = sourcecode.swift; path = "String+Extension.swift"; sourceTree = "<group>"; };
		61CC24FF24EC6F9600424B96 /* QuizSelectNoteInWordCollectionViewCell.swift */ = {isa = PBXFileReference; lastKnownFileType = sourcecode.swift; path = QuizSelectNoteInWordCollectionViewCell.swift; sourceTree = "<group>"; };
		61CDA926247C66E800780D04 /* PianoView.swift */ = {isa = PBXFileReference; lastKnownFileType = sourcecode.swift; path = PianoView.swift; sourceTree = "<group>"; };
		61E3914A24CE079500603666 /* DeviceTypeManager.swift */ = {isa = PBXFileReference; lastKnownFileType = sourcecode.swift; path = DeviceTypeManager.swift; sourceTree = "<group>"; };
		61E8ABED24BC989D00B58A01 /* QuizShowNoteCollectionViewCell.swift */ = {isa = PBXFileReference; lastKnownFileType = sourcecode.swift; path = QuizShowNoteCollectionViewCell.swift; sourceTree = "<group>"; };
		61E8ABEF24BDB29100B58A01 /* QuizWriteNoteCollectionViewCell.swift */ = {isa = PBXFileReference; lastKnownFileType = sourcecode.swift; path = QuizWriteNoteCollectionViewCell.swift; sourceTree = "<group>"; };
/* End PBXFileReference section */

/* Begin PBXFrameworksBuildPhase section */
		6149ED08245978CD00A1375A /* Frameworks */ = {
			isa = PBXFrameworksBuildPhase;
			buildActionMask = 2147483647;
			files = (
			);
			runOnlyForDeploymentPostprocessing = 0;
		};
/* End PBXFrameworksBuildPhase section */

/* Begin PBXGroup section */
		612AAA9024D74FFD00A3CC28 /* Fireworks */ = {
			isa = PBXGroup;
			children = (
				612AAA9124D74FFD00A3CC28 /* Classic Firework */,
				612AAA9724D74FFE00A3CC28 /* Fountain Firework */,
				612AAA9C24D74FFE00A3CC28 /* Spark Views */,
				612AAAA124D74FFE00A3CC28 /* Model */,
				612AAAAA24D74FFE00A3CC28 /* System Extensions */,
			);
			path = Fireworks;
			sourceTree = "<group>";
		};
		612AAA9124D74FFD00A3CC28 /* Classic Firework */ = {
			isa = PBXGroup;
			children = (
				612AAA9224D74FFD00A3CC28 /* ClassicSparkTrajectoryFactoryProtocol.swift */,
				612AAA9324D74FFD00A3CC28 /* ClassicFireworkController.swift */,
				612AAA9424D74FFD00A3CC28 /* ClassicSparkTrajectoryFactory.swift */,
				612AAA9524D74FFD00A3CC28 /* ClassicFireworkAnimator.swift */,
				612AAA9624D74FFD00A3CC28 /* ClassicFirework.swift */,
			);
			path = "Classic Firework";
			sourceTree = "<group>";
		};
		612AAA9724D74FFE00A3CC28 /* Fountain Firework */ = {
			isa = PBXGroup;
			children = (
				612AAA9824D74FFE00A3CC28 /* FountainFirework.swift */,
				612AAA9924D74FFE00A3CC28 /* FountainFireworkAnimator.swift */,
				612AAA9A24D74FFE00A3CC28 /* FountainFireworkController.swift */,
				612AAA9B24D74FFE00A3CC28 /* FountainSparkTrajectoryFactory.swift */,
			);
			path = "Fountain Firework";
			sourceTree = "<group>";
		};
		612AAA9C24D74FFE00A3CC28 /* Spark Views */ = {
			isa = PBXGroup;
			children = (
				612AAA9D24D74FFE00A3CC28 /* ImageSparkViewFactory.swift */,
				612AAA9E24D74FFE00A3CC28 /* CircleColorSparkViewFactory.swift */,
				612AAA9F24D74FFE00A3CC28 /* CircleColorSparkView.swift */,
				612AAAA024D74FFE00A3CC28 /* ImageSparkView.swift */,
			);
			path = "Spark Views";
			sourceTree = "<group>";
		};
		612AAAA124D74FFE00A3CC28 /* Model */ = {
			isa = PBXGroup;
			children = (
				612AAAA224D74FFE00A3CC28 /* SparkTrajectory.swift */,
				612AAAA324D74FFE00A3CC28 /* SparkTrajectoryFactory.swift */,
				612AAAA424D74FFE00A3CC28 /* FireworkSparkScheduler.swift */,
				612AAAA524D74FFE00A3CC28 /* Firework.swift */,
				612AAAA624D74FFE00A3CC28 /* SparkViewAnimator.swift */,
				612AAAA724D74FFE00A3CC28 /* SparkView.swift */,
				612AAAA824D74FFE00A3CC28 /* SparkViewFactory.swift */,
				612AAAA924D74FFE00A3CC28 /* FireworkSpark.swift */,
			);
			path = Model;
			sourceTree = "<group>";
		};
		612AAAAA24D74FFE00A3CC28 /* System Extensions */ = {
			isa = PBXGroup;
			children = (
				612AAAAB24D74FFE00A3CC28 /* CGPoint+Extensions.swift */,
			);
			path = "System Extensions";
			sourceTree = "<group>";
		};
		6149ED02245978CD00A1375A = {
			isa = PBXGroup;
			children = (
				6149ED0E245978CD00A1375A /* AppDelegate.swift */,
				612AAA9024D74FFD00A3CC28 /* Fireworks */,
				6149ED0D245978CD00A1375A /* MusicTheoryApp */,
				6149ED0C245978CD00A1375A /* Products */,
			);
			sourceTree = "<group>";
		};
		6149ED0C245978CD00A1375A /* Products */ = {
			isa = PBXGroup;
			children = (
				6149ED0B245978CD00A1375A /* MusicTheoryApp.app */,
			);
			name = Products;
			sourceTree = "<group>";
		};
		6149ED0D245978CD00A1375A /* MusicTheoryApp */ = {
			isa = PBXGroup;
			children = (
				61E3914924CE073E00603666 /* Managers */,
				619BB53724B4FEE900D3076E /* Modules */,
				61A818BB247477A7009DCE07 /* ViewControllers */,
				617F7EC5245DFB9D00EE08AA /* Model */,
				61A818BA24747761009DCE07 /* ViewModel */,
				6149ED26245B697700A1375A /* Views */,
				619E3E5224686F1A003ECD16 /* Extensions */,
				6149ED14245978D700A1375A /* Assets.xcassets */,
				6149ED19245978D700A1375A /* LaunchScreen.storyboard */,
				6149ED1C245978D700A1375A /* Info.plist */,
			);
			path = MusicTheoryApp;
			sourceTree = "<group>";
		};
		6149ED26245B697700A1375A /* Views */ = {
			isa = PBXGroup;
			children = (
				6149ED27245B69E500A1375A /* StaffView.swift */,
				61CDA926247C66E800780D04 /* PianoView.swift */,
				61A4B508248999CF004A286E /* MusicTaskSelectNoteView.swift */,
				61A4B745248ECDC500C0E92D /* MusicTaskShowNoteOnThePianoView.swift */,
				61A4B74B24918ADB00C0E92D /* MusicTaskSelectNoteInWordView.swift */,
				6172FA17249C12A9009153BD /* MusicTaskWriteNoteInWordView.swift */,
			);
			path = Views;
			sourceTree = "<group>";
		};
		6175CA0624B902630028BDBD /* Views */ = {
			isa = PBXGroup;
			children = (
				6175CA0724BA51820028BDBD /* QuizCollectionViewCell.swift */,
				6175CA0924BC5C920028BDBD /* QuizSelectNoteCollectionViewCell.swift */,
				61E8ABED24BC989D00B58A01 /* QuizShowNoteCollectionViewCell.swift */,
				61E8ABEF24BDB29100B58A01 /* QuizWriteNoteCollectionViewCell.swift */,
				61CC24FF24EC6F9600424B96 /* QuizSelectNoteInWordCollectionViewCell.swift */,
			);
			path = Views;
			sourceTree = "<group>";
		};
		617F7EC5245DFB9D00EE08AA /* Model */ = {
			isa = PBXGroup;
			children = (
				6149ED24245A24D600A1375A /* Note.swift */,
				61A818BC247477E2009DCE07 /* MusicTask.swift */,
				61A4B502248843FF004A286E /* MusicTaskSelectNote.swift */,
				61A4B74724917D2E00C0E92D /* MusicTaskSelectNoteInWord.swift */,
				61A4B5042488477F004A286E /* MusicTaskShowNoteOnThePiano.swift */,
				61A818BE2474858D009DCE07 /* MusicTasks.swift */,
			);
			path = Model;
			sourceTree = "<group>";
		};
		619BB53624B4F6C400D3076E /* Main */ = {
			isa = PBXGroup;
			children = (
				619BB53C24B5021B00D3076E /* MainViewController.swift */,
				619BB53824B4FF3C00D3076E /* MainConfigurator.swift */,
				619BB53E24B5048300D3076E /* MainPresenter.swift */,
				619BB54024B5096E00D3076E /* MainInteractor.swift */,
				619BB54224B50F5A00D3076E /* MainRouter.swift */,
				619BB53A24B5008F00D3076E /* MainProtocols.swift */,
				619BB54424B5C7A900D3076E /* MainViewCollectionViewCell.swift */,
			);
			path = Main;
			sourceTree = "<group>";
		};
		619BB53724B4FEE900D3076E /* Modules */ = {
			isa = PBXGroup;
			children = (
				619BB54824B7235500D3076E /* Quiz */,
				619BB53624B4F6C400D3076E /* Main */,
			);
			path = Modules;
			sourceTree = "<group>";
		};
		619BB54824B7235500D3076E /* Quiz */ = {
			isa = PBXGroup;
			children = (
				619BB54624B7234C00D3076E /* QuizViewController.swift */,
				619BB54B24B7463200D3076E /* QuizConfigurator.swift */,
				619BB54D24B7475200D3076E /* QuizPresenter.swift */,
				619BB54F24B749EF00D3076E /* QuizInteractor.swift */,
				619BB55124B74A2300D3076E /* QuizRouter.swift */,
				619BB54924B743C100D3076E /* QuizProtocols.swift */,
				6175CA0624B902630028BDBD /* Views */,
			);
			path = Quiz;
			sourceTree = "<group>";
		};
		619E3E5224686F1A003ECD16 /* Extensions */ = {
			isa = PBXGroup;
			children = (
				619E3E5324686F52003ECD16 /* UIImage+Extension.swift */,
				61A818C0247AB591009DCE07 /* String+Extension.swift */,
			);
			path = Extensions;
			sourceTree = "<group>";
		};
		61A818BA24747761009DCE07 /* ViewModel */ = {
			isa = PBXGroup;
			children = (
				610585FC2460B63700F56611 /* NoteViewModel.swift */,
				61A4B506248998F5004A286E /* MusicTaskSelectNoteViewModel.swift */,
				61A4B743248ECC2A00C0E92D /* MusicTaskShowNoteOnThePianoViewModel.swift */,
				61A4B7492491860D00C0E92D /* MusicTaskSelectNoteInWordViewModel.swift */,
				6172FA15249C084C009153BD /* MusicTaskWriteNoteInWordViewModel.swift */,
			);
			path = ViewModel;
			sourceTree = "<group>";
		};
		61A818BB247477A7009DCE07 /* ViewControllers */ = {
			isa = PBXGroup;
			children = (
				6149ED22245A1DCE00A1375A /* ViewController.swift */,
			);
			path = ViewControllers;
			sourceTree = "<group>";
		};
		61E3914924CE073E00603666 /* Managers */ = {
			isa = PBXGroup;
			children = (
				61E3914A24CE079500603666 /* DeviceTypeManager.swift */,
			);
			path = Managers;
			sourceTree = "<group>";
		};
/* End PBXGroup section */

/* Begin PBXNativeTarget section */
		6149ED0A245978CD00A1375A /* MusicTheoryApp */ = {
			isa = PBXNativeTarget;
			buildConfigurationList = 6149ED1F245978D700A1375A /* Build configuration list for PBXNativeTarget "MusicTheoryApp" */;
			buildPhases = (
				6149ED07245978CD00A1375A /* Sources */,
				6149ED08245978CD00A1375A /* Frameworks */,
				6149ED09245978CD00A1375A /* Resources */,
			);
			buildRules = (
			);
			dependencies = (
			);
			name = MusicTheoryApp;
			productName = MusicTheoryApp;
			productReference = 6149ED0B245978CD00A1375A /* MusicTheoryApp.app */;
			productType = "com.apple.product-type.application";
		};
/* End PBXNativeTarget section */

/* Begin PBXProject section */
		6149ED03245978CD00A1375A /* Project object */ = {
			isa = PBXProject;
			attributes = {
				LastSwiftUpdateCheck = 1140;
				LastUpgradeCheck = 1140;
				ORGANIZATIONNAME = "Лилия Левина";
				TargetAttributes = {
					6149ED0A245978CD00A1375A = {
						CreatedOnToolsVersion = 11.4;
					};
				};
			};
			buildConfigurationList = 6149ED06245978CD00A1375A /* Build configuration list for PBXProject "MusicTheoryApp" */;
			compatibilityVersion = "Xcode 9.3";
			developmentRegion = en;
			hasScannedForEncodings = 0;
			knownRegions = (
				en,
				Base,
				ru,
			);
			mainGroup = 6149ED02245978CD00A1375A;
			productRefGroup = 6149ED0C245978CD00A1375A /* Products */;
			projectDirPath = "";
			projectRoot = "";
			targets = (
				6149ED0A245978CD00A1375A /* MusicTheoryApp */,
			);
		};
/* End PBXProject section */

/* Begin PBXResourcesBuildPhase section */
		6149ED09245978CD00A1375A /* Resources */ = {
			isa = PBXResourcesBuildPhase;
			buildActionMask = 2147483647;
			files = (
				6149ED1B245978D700A1375A /* LaunchScreen.storyboard in Resources */,
				6149ED15245978D700A1375A /* Assets.xcassets in Resources */,
			);
			runOnlyForDeploymentPostprocessing = 0;
		};
/* End PBXResourcesBuildPhase section */

/* Begin PBXSourcesBuildPhase section */
		6149ED07245978CD00A1375A /* Sources */ = {
			isa = PBXSourcesBuildPhase;
			buildActionMask = 2147483647;
			files = (
				612AAABB24D74FFE00A3CC28 /* FireworkSparkScheduler.swift in Sources */,
				610585FD2460B63700F56611 /* NoteViewModel.swift in Sources */,
				612AAAB624D74FFE00A3CC28 /* CircleColorSparkViewFactory.swift in Sources */,
				612AAABD24D74FFE00A3CC28 /* SparkViewAnimator.swift in Sources */,
				61E8ABEE24BC989D00B58A01 /* QuizShowNoteCollectionViewCell.swift in Sources */,
				61A818C1247AB591009DCE07 /* String+Extension.swift in Sources */,
				612AAAB424D74FFE00A3CC28 /* FountainSparkTrajectoryFactory.swift in Sources */,
				612AAAB324D74FFE00A3CC28 /* FountainFireworkController.swift in Sources */,
				6149ED23245A1DCE00A1375A /* ViewController.swift in Sources */,
				61A4B74824917D2E00C0E92D /* MusicTaskSelectNoteInWord.swift in Sources */,
				61CC250024EC6F9700424B96 /* QuizSelectNoteInWordCollectionViewCell.swift in Sources */,
				612AAAAF24D74FFE00A3CC28 /* ClassicFireworkAnimator.swift in Sources */,
				61A818BF2474858D009DCE07 /* MusicTasks.swift in Sources */,
				6175CA0824BA51820028BDBD /* QuizCollectionViewCell.swift in Sources */,
				6172FA16249C084C009153BD /* MusicTaskWriteNoteInWordViewModel.swift in Sources */,
				619BB54C24B7463200D3076E /* QuizConfigurator.swift in Sources */,
				619BB54A24B743C100D3076E /* QuizProtocols.swift in Sources */,
				612AAAC024D74FFE00A3CC28 /* FireworkSpark.swift in Sources */,
				612AAAAC24D74FFE00A3CC28 /* ClassicSparkTrajectoryFactoryProtocol.swift in Sources */,
				61CDA927247C66E800780D04 /* PianoView.swift in Sources */,
				612AAAAE24D74FFE00A3CC28 /* ClassicSparkTrajectoryFactory.swift in Sources */,
				6149ED0F245978CD00A1375A /* AppDelegate.swift in Sources */,
				612AAAB524D74FFE00A3CC28 /* ImageSparkViewFactory.swift in Sources */,
				612AAABA24D74FFE00A3CC28 /* SparkTrajectoryFactory.swift in Sources */,
				612AAAB024D74FFE00A3CC28 /* ClassicFirework.swift in Sources */,
				619BB54324B50F5A00D3076E /* MainRouter.swift in Sources */,
				619E3E5424686F52003ECD16 /* UIImage+Extension.swift in Sources */,
				61E3914B24CE079500603666 /* DeviceTypeManager.swift in Sources */,
				6172FA18249C12A9009153BD /* MusicTaskWriteNoteInWordView.swift in Sources */,
				612AAABC24D74FFE00A3CC28 /* Firework.swift in Sources */,
				612AAAAD24D74FFE00A3CC28 /* ClassicFireworkController.swift in Sources */,
				612AAABF24D74FFE00A3CC28 /* SparkViewFactory.swift in Sources */,
				61A4B509248999CF004A286E /* MusicTaskSelectNoteView.swift in Sources */,
				619BB54524B5C7A900D3076E /* MainViewCollectionViewCell.swift in Sources */,
				619BB54E24B7475200D3076E /* QuizPresenter.swift in Sources */,
				612AAAC124D74FFE00A3CC28 /* CGPoint+Extensions.swift in Sources */,
				6149ED28245B69E500A1375A /* StaffView.swift in Sources */,
				61A4B507248998F5004A286E /* MusicTaskSelectNoteViewModel.swift in Sources */,
				619BB53924B4FF3C00D3076E /* MainConfigurator.swift in Sources */,
				612AAAB224D74FFE00A3CC28 /* FountainFireworkAnimator.swift in Sources */,
				61A4B744248ECC2A00C0E92D /* MusicTaskShowNoteOnThePianoViewModel.swift in Sources */,
				619BB53F24B5048300D3076E /* MainPresenter.swift in Sources */,
				619BB53D24B5021B00D3076E /* MainViewController.swift in Sources */,
				61A4B74A2491860D00C0E92D /* MusicTaskSelectNoteInWordViewModel.swift in Sources */,
				61A4B746248ECDC500C0E92D /* MusicTaskShowNoteOnThePianoView.swift in Sources */,
				612AAAB924D74FFE00A3CC28 /* SparkTrajectory.swift in Sources */,
				612AAAB124D74FFE00A3CC28 /* FountainFirework.swift in Sources */,
				612AAAB824D74FFE00A3CC28 /* ImageSparkView.swift in Sources */,
				619BB53B24B5008F00D3076E /* MainProtocols.swift in Sources */,
				612AAAB724D74FFE00A3CC28 /* CircleColorSparkView.swift in Sources */,
				612AAABE24D74FFE00A3CC28 /* SparkView.swift in Sources */,
				61A4B5052488477F004A286E /* MusicTaskShowNoteOnThePiano.swift in Sources */,
				61A4B503248843FF004A286E /* MusicTaskSelectNote.swift in Sources */,
				61A4B74C24918ADB00C0E92D /* MusicTaskSelectNoteInWordView.swift in Sources */,
				619BB55024B749EF00D3076E /* QuizInteractor.swift in Sources */,
				619BB55224B74A2300D3076E /* QuizRouter.swift in Sources */,
				6175CA0A24BC5C920028BDBD /* QuizSelectNoteCollectionViewCell.swift in Sources */,
				61E8ABF024BDB29100B58A01 /* QuizWriteNoteCollectionViewCell.swift in Sources */,
				61A818BD247477E2009DCE07 /* MusicTask.swift in Sources */,
				619BB54724B7234C00D3076E /* QuizViewController.swift in Sources */,
				617F7EC7245E05F900EE08AA /* Note.swift in Sources */,
				619BB54124B5096E00D3076E /* MainInteractor.swift in Sources */,
			);
			runOnlyForDeploymentPostprocessing = 0;
		};
/* End PBXSourcesBuildPhase section */

/* Begin PBXVariantGroup section */
		6149ED19245978D700A1375A /* LaunchScreen.storyboard */ = {
			isa = PBXVariantGroup;
			children = (
				6149ED1A245978D700A1375A /* Base */,
				610C41DD24F45EA20028BE18 /* ru */,
			);
			name = LaunchScreen.storyboard;
			sourceTree = "<group>";
		};
/* End PBXVariantGroup section */

/* Begin XCBuildConfiguration section */
		6149ED1D245978D700A1375A /* Debug */ = {
			isa = XCBuildConfiguration;
			buildSettings = {
				ALWAYS_SEARCH_USER_PATHS = NO;
				CLANG_ANALYZER_LOCALIZABILITY_NONLOCALIZED = YES;
				CLANG_ANALYZER_NONNULL = YES;
				CLANG_ANALYZER_NUMBER_OBJECT_CONVERSION = YES_AGGRESSIVE;
				CLANG_CXX_LANGUAGE_STANDARD = "gnu++14";
				CLANG_CXX_LIBRARY = "libc++";
				CLANG_ENABLE_MODULES = YES;
				CLANG_ENABLE_OBJC_ARC = YES;
				CLANG_ENABLE_OBJC_WEAK = YES;
				CLANG_WARN_BLOCK_CAPTURE_AUTORELEASING = YES;
				CLANG_WARN_BOOL_CONVERSION = YES;
				CLANG_WARN_COMMA = YES;
				CLANG_WARN_CONSTANT_CONVERSION = YES;
				CLANG_WARN_DEPRECATED_OBJC_IMPLEMENTATIONS = YES;
				CLANG_WARN_DIRECT_OBJC_ISA_USAGE = YES_ERROR;
				CLANG_WARN_DOCUMENTATION_COMMENTS = YES;
				CLANG_WARN_EMPTY_BODY = YES;
				CLANG_WARN_ENUM_CONVERSION = YES;
				CLANG_WARN_INFINITE_RECURSION = YES;
				CLANG_WARN_INT_CONVERSION = YES;
				CLANG_WARN_NON_LITERAL_NULL_CONVERSION = YES;
				CLANG_WARN_OBJC_IMPLICIT_RETAIN_SELF = YES;
				CLANG_WARN_OBJC_LITERAL_CONVERSION = YES;
				CLANG_WARN_OBJC_ROOT_CLASS = YES_ERROR;
				CLANG_WARN_RANGE_LOOP_ANALYSIS = YES;
				CLANG_WARN_STRICT_PROTOTYPES = YES;
				CLANG_WARN_SUSPICIOUS_MOVE = YES;
				CLANG_WARN_UNGUARDED_AVAILABILITY = YES_AGGRESSIVE;
				CLANG_WARN_UNREACHABLE_CODE = YES;
				CLANG_WARN__DUPLICATE_METHOD_MATCH = YES;
				COPY_PHASE_STRIP = NO;
				DEBUG_INFORMATION_FORMAT = dwarf;
				ENABLE_STRICT_OBJC_MSGSEND = YES;
				ENABLE_TESTABILITY = YES;
				GCC_C_LANGUAGE_STANDARD = gnu11;
				GCC_DYNAMIC_NO_PIC = NO;
				GCC_NO_COMMON_BLOCKS = YES;
				GCC_OPTIMIZATION_LEVEL = 0;
				GCC_PREPROCESSOR_DEFINITIONS = (
					"DEBUG=1",
					"$(inherited)",
				);
				GCC_WARN_64_TO_32_BIT_CONVERSION = YES;
				GCC_WARN_ABOUT_RETURN_TYPE = YES_ERROR;
				GCC_WARN_UNDECLARED_SELECTOR = YES;
				GCC_WARN_UNINITIALIZED_AUTOS = YES_AGGRESSIVE;
				GCC_WARN_UNUSED_FUNCTION = YES;
				GCC_WARN_UNUSED_VARIABLE = YES;
				IPHONEOS_DEPLOYMENT_TARGET = 13.4;
				MTL_ENABLE_DEBUG_INFO = INCLUDE_SOURCE;
				MTL_FAST_MATH = YES;
				ONLY_ACTIVE_ARCH = YES;
				SDKROOT = iphoneos;
				SWIFT_ACTIVE_COMPILATION_CONDITIONS = DEBUG;
				SWIFT_OPTIMIZATION_LEVEL = "-Onone";
			};
			name = Debug;
		};
		6149ED1E245978D700A1375A /* Release */ = {
			isa = XCBuildConfiguration;
			buildSettings = {
				ALWAYS_SEARCH_USER_PATHS = NO;
				CLANG_ANALYZER_LOCALIZABILITY_NONLOCALIZED = YES;
				CLANG_ANALYZER_NONNULL = YES;
				CLANG_ANALYZER_NUMBER_OBJECT_CONVERSION = YES_AGGRESSIVE;
				CLANG_CXX_LANGUAGE_STANDARD = "gnu++14";
				CLANG_CXX_LIBRARY = "libc++";
				CLANG_ENABLE_MODULES = YES;
				CLANG_ENABLE_OBJC_ARC = YES;
				CLANG_ENABLE_OBJC_WEAK = YES;
				CLANG_WARN_BLOCK_CAPTURE_AUTORELEASING = YES;
				CLANG_WARN_BOOL_CONVERSION = YES;
				CLANG_WARN_COMMA = YES;
				CLANG_WARN_CONSTANT_CONVERSION = YES;
				CLANG_WARN_DEPRECATED_OBJC_IMPLEMENTATIONS = YES;
				CLANG_WARN_DIRECT_OBJC_ISA_USAGE = YES_ERROR;
				CLANG_WARN_DOCUMENTATION_COMMENTS = YES;
				CLANG_WARN_EMPTY_BODY = YES;
				CLANG_WARN_ENUM_CONVERSION = YES;
				CLANG_WARN_INFINITE_RECURSION = YES;
				CLANG_WARN_INT_CONVERSION = YES;
				CLANG_WARN_NON_LITERAL_NULL_CONVERSION = YES;
				CLANG_WARN_OBJC_IMPLICIT_RETAIN_SELF = YES;
				CLANG_WARN_OBJC_LITERAL_CONVERSION = YES;
				CLANG_WARN_OBJC_ROOT_CLASS = YES_ERROR;
				CLANG_WARN_RANGE_LOOP_ANALYSIS = YES;
				CLANG_WARN_STRICT_PROTOTYPES = YES;
				CLANG_WARN_SUSPICIOUS_MOVE = YES;
				CLANG_WARN_UNGUARDED_AVAILABILITY = YES_AGGRESSIVE;
				CLANG_WARN_UNREACHABLE_CODE = YES;
				CLANG_WARN__DUPLICATE_METHOD_MATCH = YES;
				COPY_PHASE_STRIP = NO;
				DEBUG_INFORMATION_FORMAT = "dwarf-with-dsym";
				ENABLE_NS_ASSERTIONS = NO;
				ENABLE_STRICT_OBJC_MSGSEND = YES;
				GCC_C_LANGUAGE_STANDARD = gnu11;
				GCC_NO_COMMON_BLOCKS = YES;
				GCC_WARN_64_TO_32_BIT_CONVERSION = YES;
				GCC_WARN_ABOUT_RETURN_TYPE = YES_ERROR;
				GCC_WARN_UNDECLARED_SELECTOR = YES;
				GCC_WARN_UNINITIALIZED_AUTOS = YES_AGGRESSIVE;
				GCC_WARN_UNUSED_FUNCTION = YES;
				GCC_WARN_UNUSED_VARIABLE = YES;
				IPHONEOS_DEPLOYMENT_TARGET = 13.4;
				MTL_ENABLE_DEBUG_INFO = NO;
				MTL_FAST_MATH = YES;
				SDKROOT = iphoneos;
				SWIFT_COMPILATION_MODE = wholemodule;
				SWIFT_OPTIMIZATION_LEVEL = "-O";
				VALIDATE_PRODUCT = YES;
			};
			name = Release;
		};
		6149ED20245978D700A1375A /* Debug */ = {
			isa = XCBuildConfiguration;
			buildSettings = {
				ASSETCATALOG_COMPILER_APPICON_NAME = AppIcon;
				CODE_SIGN_STYLE = Automatic;
				DEVELOPMENT_ASSET_PATHS = "\"MusicTheoryApp\"";
				DEVELOPMENT_TEAM = 9A9LR934E6;
				ENABLE_PREVIEWS = YES;
				INFOPLIST_FILE = MusicTheoryApp/Info.plist;
				LD_RUNPATH_SEARCH_PATHS = (
					"$(inherited)",
					"@executable_path/Frameworks",
				);
				PRODUCT_BUNDLE_IDENTIFIER = L887ddd877.com.MusicTheoryApp;
				PRODUCT_NAME = "$(TARGET_NAME)";
				SWIFT_VERSION = 5.0;
				TARGETED_DEVICE_FAMILY = 1;
			};
			name = Debug;
		};
		6149ED21245978D700A1375A /* Release */ = {
			isa = XCBuildConfiguration;
			buildSettings = {
				ASSETCATALOG_COMPILER_APPICON_NAME = AppIcon;
				CODE_SIGN_STYLE = Automatic;
				DEVELOPMENT_ASSET_PATHS = "\"MusicTheoryApp\"";
				DEVELOPMENT_TEAM = 9A9LR934E6;
				ENABLE_PREVIEWS = YES;
				INFOPLIST_FILE = MusicTheoryApp/Info.plist;
				LD_RUNPATH_SEARCH_PATHS = (
					"$(inherited)",
					"@executable_path/Frameworks",
				);
				PRODUCT_BUNDLE_IDENTIFIER = L887ddd877.com.MusicTheoryApp;
				PRODUCT_NAME = "$(TARGET_NAME)";
				SWIFT_VERSION = 5.0;
				TARGETED_DEVICE_FAMILY = 1;
			};
			name = Release;
		};
/* End XCBuildConfiguration section */

/* Begin XCConfigurationList section */
		6149ED06245978CD00A1375A /* Build configuration list for PBXProject "MusicTheoryApp" */ = {
			isa = XCConfigurationList;
			buildConfigurations = (
				6149ED1D245978D700A1375A /* Debug */,
				6149ED1E245978D700A1375A /* Release */,
			);
			defaultConfigurationIsVisible = 0;
			defaultConfigurationName = Release;
		};
		6149ED1F245978D700A1375A /* Build configuration list for PBXNativeTarget "MusicTheoryApp" */ = {
			isa = XCConfigurationList;
			buildConfigurations = (
				6149ED20245978D700A1375A /* Debug */,
				6149ED21245978D700A1375A /* Release */,
			);
			defaultConfigurationIsVisible = 0;
			defaultConfigurationName = Release;
		};
/* End XCConfigurationList section */
	};
	rootObject = 6149ED03245978CD00A1375A /* Project object */;
}
